
Microsoft Visual Studio Solution File, Format Version 12.00
# Visual Studio 2017
Project("{FAE04EC0-301F-11D3-BF4B-00C04F79EFBC}") = "GridScrollViewTest", "GridScrollViewTest.csproj", "{0184AE58-3F11-0695-898A-A2C8CAF1002D}"
EndProject
Global
	GlobalSection(SolutionConfigurationPlatforms) = preSolution
		Debug|Any CPU = Debug|Any CPU
		Release|Any CPU = Release|Any CPU
	EndGlobalSection
	GlobalSection(ProjectConfigurationPlatforms) = postSolution
		{0184AE58-3F11-0695-898A-A2C8CAF1002D}.Debug|Any CPU.ActiveCfg = Debug|Any CPU
		{0184AE58-3F11-0695-898A-A2C8CAF1002D}.Debug|Any CPU.Build.0 = Debug|Any CPU
		{0184AE58-3F11-0695-898A-A2C8CAF1002D}.Release|Any CPU.ActiveCfg = Release|Any CPU
		{0184AE58-3F11-0695-898A-A2C8CAF1002D}.Release|Any CPU.Build.0 = Release|Any CPU
	EndGlobalSection
	GlobalSection(SolutionProperties) = preSolution
		HideSolutionNode = FALSE
	EndGlobalSection
EndGlobal
